
Microsoft Visual Studio Solution File, Format Version 12.00
# Visual Studio Version 17
VisualStudioVersion = 17.8.34525.116
MinimumVisualStudioVersion = 10.0.40219.1
Project("{9A19103F-16F7-4668-BE54-9A1E7A4F7556}") = "NotificacionCertificada", "NotificacionCertificada\NotificacionCertificada.csproj", "{7187BD3C-6AB6-4369-A1E2-1D59BCA40511}"
EndProject
Project("{9A19103F-16F7-4668-BE54-9A1E7A4F7556}") = "NotificacionCertificada.Web", "NotificacionCertificada.Web\NotificacionCertificada.Web.csproj", "{376A810B-047D-4225-9DEB-BDEA75D057B2}"
EndProject
Project("{9A19103F-16F7-4668-BE54-9A1E7A4F7556}") = "NotificacionCertificada.Testing", "NotificacionCertificada.Testing\NotificacionCertificada.Testing.csproj", "{E09964E6-AB69-481E-A37B-B688E9AF510F}"
EndProject
Project("{9A19103F-16F7-4668-BE54-9A1E7A4F7556}") = "NotificacionCertificada.Shared", "NotificacionCertificada.Shared\NotificacionCertificada.Shared.csproj", "{214CDB54-430A-42EC-A93B-94E1E66102CD}"
EndProject
Global
	GlobalSection(SolutionConfigurationPlatforms) = preSolution
		Debug|Any CPU = Debug|Any CPU
		Release|Any CPU = Release|Any CPU
	EndGlobalSection
	GlobalSection(ProjectConfigurationPlatforms) = postSolution
		{7187BD3C-6AB6-4369-A1E2-1D59BCA40511}.Debug|Any CPU.ActiveCfg = Debug|Any CPU
		{7187BD3C-6AB6-4369-A1E2-1D59BCA40511}.Debug|Any CPU.Build.0 = Debug|Any CPU
		{7187BD3C-6AB6-4369-A1E2-1D59BCA40511}.Release|Any CPU.ActiveCfg = Release|Any CPU
		{7187BD3C-6AB6-4369-A1E2-1D59BCA40511}.Release|Any CPU.Build.0 = Release|Any CPU
		{376A810B-047D-4225-9DEB-BDEA75D057B2}.Debug|Any CPU.ActiveCfg = Debug|Any CPU
		{376A810B-047D-4225-9DEB-BDEA75D057B2}.Debug|Any CPU.Build.0 = Debug|Any CPU
		{376A810B-047D-4225-9DEB-BDEA75D057B2}.Release|Any CPU.ActiveCfg = Release|Any CPU
		{376A810B-047D-4225-9DEB-BDEA75D057B2}.Release|Any CPU.Build.0 = Release|Any CPU
		{E09964E6-AB69-481E-A37B-B688E9AF510F}.Debug|Any CPU.ActiveCfg = Debug|Any CPU
		{E09964E6-AB69-481E-A37B-B688E9AF510F}.Debug|Any CPU.Build.0 = Debug|Any CPU
		{E09964E6-AB69-481E-A37B-B688E9AF510F}.Release|Any CPU.ActiveCfg = Release|Any CPU
		{E09964E6-AB69-481E-A37B-B688E9AF510F}.Release|Any CPU.Build.0 = Release|Any CPU
		{214CDB54-430A-42EC-A93B-94E1E66102CD}.Debug|Any CPU.ActiveCfg = Debug|Any CPU
		{214CDB54-430A-42EC-A93B-94E1E66102CD}.Debug|Any CPU.Build.0 = Debug|Any CPU
		{214CDB54-430A-42EC-A93B-94E1E66102CD}.Release|Any CPU.ActiveCfg = Release|Any CPU
		{214CDB54-430A-42EC-A93B-94E1E66102CD}.Release|Any CPU.Build.0 = Release|Any CPU
	EndGlobalSection
	GlobalSection(SolutionProperties) = preSolution
		HideSolutionNode = FALSE
	EndGlobalSection
	GlobalSection(ExtensibilityGlobals) = postSolution
		SolutionGuid = {3F3A9A42-0A36-47B4-A38D-A1071AB5EE84}
	EndGlobalSection
EndGlobal
